// !$*UTF8*$!
{
	archiveVersion = 1;
	classes = {
	};
	objectVersion = 46;
	objects = {

/* Begin PBXBuildFile section */
		00C59DAE1888EEF900697980 /* Foundation.framework in Frameworks */ = {isa = PBXBuildFile; fileRef = 00C59DAD1888EEF900697980 /* Foundation.framework */; };
		00C59DB01888EEF900697980 /* CoreGraphics.framework in Frameworks */ = {isa = PBXBuildFile; fileRef = 00C59DAF1888EEF900697980 /* CoreGraphics.framework */; };
		00C59DB21888EEF900697980 /* UIKit.framework in Frameworks */ = {isa = PBXBuildFile; fileRef = 00C59DB11888EEF900697980 /* UIKit.framework */; };
		00C59DB81888EEF900697980 /* InfoPlist.strings in Resources */ = {isa = PBXBuildFile; fileRef = 00C59DB61888EEF900697980 /* InfoPlist.strings */; };
		00C59DBA1888EEF900697980 /* main.m in Sources */ = {isa = PBXBuildFile; fileRef = 00C59DB91888EEF900697980 /* main.m */; };
		00C59DBE1888EEF900697980 /* AppDelegate.m in Sources */ = {isa = PBXBuildFile; fileRef = 00C59DBD1888EEF900697980 /* AppDelegate.m */; };
		00C59DC11888EEF900697980 /* Main.storyboard in Resources */ = {isa = PBXBuildFile; fileRef = 00C59DBF1888EEF900697980 /* Main.storyboard */; };
		00C59DC41888EEF900697980 /* ViewController.m in Sources */ = {isa = PBXBuildFile; fileRef = 00C59DC31888EEF900697980 /* ViewController.m */; };
		00C59DC61888EEF900697980 /* Images.xcassets in Resources */ = {isa = PBXBuildFile; fileRef = 00C59DC51888EEF900697980 /* Images.xcassets */; };
		00C59DCD1888EEF900697980 /* XCTest.framework in Frameworks */ = {isa = PBXBuildFile; fileRef = 00C59DCC1888EEF900697980 /* XCTest.framework */; };
		00C59DCE1888EEF900697980 /* Foundation.framework in Frameworks */ = {isa = PBXBuildFile; fileRef = 00C59DAD1888EEF900697980 /* Foundation.framework */; };
		00C59DCF1888EEF900697980 /* UIKit.framework in Frameworks */ = {isa = PBXBuildFile; fileRef = 00C59DB11888EEF900697980 /* UIKit.framework */; };
		00C59DD71888EEF900697980 /* InfoPlist.strings in Resources */ = {isa = PBXBuildFile; fileRef = 00C59DD51888EEF900697980 /* InfoPlist.strings */; };
		00C59DD91888EEF900697980 /* SearchMoveRouteAppTests.m in Sources */ = {isa = PBXBuildFile; fileRef = 00C59DD81888EEF900697980 /* SearchMoveRouteAppTests.m */; };
		00C59DE31888EF0300697980 /* CoreLocation.framework in Frameworks */ = {isa = PBXBuildFile; fileRef = 00C59DE21888EF0300697980 /* CoreLocation.framework */; };
		00C59DE51888EF0800697980 /* QuartzCore.framework in Frameworks */ = {isa = PBXBuildFile; fileRef = 00C59DE41888EF0800697980 /* QuartzCore.framework */; };
		00C59E101888EF2C00697980 /* HeadingAngleSmall.png in Resources */ = {isa = PBXBuildFile; fileRef = 00C59E001888EF2C00697980 /* HeadingAngleSmall.png */; };
		00C59E111888EF2C00697980 /* HeadingAngleSmall@2x.png in Resources */ = {isa = PBXBuildFile; fileRef = 00C59E011888EF2C00697980 /* HeadingAngleSmall@2x.png */; };
		00C59E121888EF2C00697980 /* icon_clustering.png in Resources */ = {isa = PBXBuildFile; fileRef = 00C59E021888EF2C00697980 /* icon_clustering.png */; };
		00C59E131888EF2C00697980 /* icon_clustering@2x.png in Resources */ = {isa = PBXBuildFile; fileRef = 00C59E031888EF2C00697980 /* icon_clustering@2x.png */; };
		00C59E141888EF2C00697980 /* mapbg_tlogo.png in Resources */ = {isa = PBXBuildFile; fileRef = 00C59E041888EF2C00697980 /* mapbg_tlogo.png */; };
		00C59E151888EF2C00697980 /* mapbg_tlogo@2x.png in Resources */ = {isa = PBXBuildFile; fileRef = 00C59E051888EF2C00697980 /* mapbg_tlogo@2x.png */; };
		00C59E161888EF2C00697980 /* poweredby.png in Resources */ = {isa = PBXBuildFile; fileRef = 00C59E061888EF2C00697980 /* poweredby.png */; };
		00C59E171888EF2C00697980 /* poweredby@2x.png in Resources */ = {isa = PBXBuildFile; fileRef = 00C59E071888EF2C00697980 /* poweredby@2x.png */; };
		00C59E181888EF2C00697980 /* TrackingDot.png in Resources */ = {isa = PBXBuildFile; fileRef = 00C59E081888EF2C00697980 /* TrackingDot.png */; };
		00C59E191888EF2C00697980 /* TrackingDot@2x.png in Resources */ = {isa = PBXBuildFile; fileRef = 00C59E091888EF2C00697980 /* TrackingDot@2x.png */; };
		00C59E1A1888EF2C00697980 /* TrackingDotHalo.png in Resources */ = {isa = PBXBuildFile; fileRef = 00C59E0A1888EF2C00697980 /* TrackingDotHalo.png */; };
		00C59E1B1888EF2C00697980 /* TrackingDotHalo@2x.png in Resources */ = {isa = PBXBuildFile; fileRef = 00C59E0B1888EF2C00697980 /* TrackingDotHalo@2x.png */; };
		00C59E1C1888EF2C00697980 /* libskpMap_OP-iOS7.0.a in Frameworks */ = {isa = PBXBuildFile; fileRef = 00C59E0C1888EF2C00697980 /* libskpMap_OP-iOS7.0.a */; };
/* End PBXBuildFile section */

/* Begin PBXContainerItemProxy section */
		00C59DD01888EEF900697980 /* PBXContainerItemProxy */ = {
			isa = PBXContainerItemProxy;
			containerPortal = 00C59DA21888EEF900697980 /* Project object */;
			proxyType = 1;
			remoteGlobalIDString = 00C59DA91888EEF900697980;
			remoteInfo = SearchMoveRouteApp;
		};
/* End PBXContainerItemProxy section */

/* Begin PBXFileReference section */
		00C59DAA1888EEF900697980 /* SearchMoveRouteApp.app */ = {isa = PBXFileReference; explicitFileType = wrapper.application; includeInIndex = 0; path = SearchMoveRouteApp.app; sourceTree = BUILT_PRODUCTS_DIR; };
		00C59DAD1888EEF900697980 /* Foundation.framework */ = {isa = PBXFileReference; lastKnownFileType = wrapper.framework; name = Foundation.framework; path = System/Library/Frameworks/Foundation.framework; sourceTree = SDKROOT; };
		00C59DAF1888EEF900697980 /* CoreGraphics.framework */ = {isa = PBXFileReference; lastKnownFileType = wrapper.framework; name = CoreGraphics.framework; path = System/Library/Frameworks/CoreGraphics.framework; sourceTree = SDKROOT; };
		00C59DB11888EEF900697980 /* UIKit.framework */ = {isa = PBXFileReference; lastKnownFileType = wrapper.framework; name = UIKit.framework; path = System/Library/Frameworks/UIKit.framework; sourceTree = SDKROOT; };
		00C59DB51888EEF900697980 /* SearchMoveRouteApp-Info.plist */ = {isa = PBXFileReference; lastKnownFileType = text.plist.xml; path = "SearchMoveRouteApp-Info.plist"; sourceTree = "<group>"; };
		00C59DB71888EEF900697980 /* en */ = {isa = PBXFileReference; lastKnownFileType = text.plist.strings; name = en; path = en.lproj/InfoPlist.strings; sourceTree = "<group>"; };
		00C59DB91888EEF900697980 /* main.m */ = {isa = PBXFileReference; lastKnownFileType = sourcecode.c.objc; path = main.m; sourceTree = "<group>"; };
		00C59DBB1888EEF900697980 /* SearchMoveRouteApp-Prefix.pch */ = {isa = PBXFileReference; lastKnownFileType = sourcecode.c.h; path = "SearchMoveRouteApp-Prefix.pch"; sourceTree = "<group>"; };
		00C59DBC1888EEF900697980 /* AppDelegate.h */ = {isa = PBXFileReference; lastKnownFileType = sourcecode.c.h; path = AppDelegate.h; sourceTree = "<group>"; };
		00C59DBD1888EEF900697980 /* AppDelegate.m */ = {isa = PBXFileReference; lastKnownFileType = sourcecode.c.objc; path = AppDelegate.m; sourceTree = "<group>"; };
		00C59DC01888EEF900697980 /* Base */ = {isa = PBXFileReference; lastKnownFileType = file.storyboard; name = Base; path = Base.lproj/Main.storyboard; sourceTree = "<group>"; };
		00C59DC21888EEF900697980 /* ViewController.h */ = {isa = PBXFileReference; lastKnownFileType = sourcecode.c.h; path = ViewController.h; sourceTree = "<group>"; };
		00C59DC31888EEF900697980 /* ViewController.m */ = {isa = PBXFileReference; lastKnownFileType = sourcecode.c.objc; path = ViewController.m; sourceTree = "<group>"; };
		00C59DC51888EEF900697980 /* Images.xcassets */ = {isa = PBXFileReference; lastKnownFileType = folder.assetcatalog; path = Images.xcassets; sourceTree = "<group>"; };
		00C59DCB1888EEF900697980 /* SearchMoveRouteAppTests.xctest */ = {isa = PBXFileReference; explicitFileType = wrapper.cfbundle; includeInIndex = 0; path = SearchMoveRouteAppTests.xctest; sourceTree = BUILT_PRODUCTS_DIR; };
		00C59DCC1888EEF900697980 /* XCTest.framework */ = {isa = PBXFileReference; lastKnownFileType = wrapper.framework; name = XCTest.framework; path = Library/Frameworks/XCTest.framework; sourceTree = DEVELOPER_DIR; };
		00C59DD41888EEF900697980 /* SearchMoveRouteAppTests-Info.plist */ = {isa = PBXFileReference; lastKnownFileType = text.plist.xml; path = "SearchMoveRouteAppTests-Info.plist"; sourceTree = "<group>"; };
		00C59DD61888EEF900697980 /* en */ = {isa = PBXFileReference; lastKnownFileType = text.plist.strings; name = en; path = en.lproj/InfoPlist.strings; sourceTree = "<group>"; };
		00C59DD81888EEF900697980 /* SearchMoveRouteAppTests.m */ = {isa = PBXFileReference; lastKnownFileType = sourcecode.c.objc; path = SearchMoveRouteAppTests.m; sourceTree = "<group>"; };
		00C59DE21888EF0300697980 /* CoreLocation.framework */ = {isa = PBXFileReference; lastKnownFileType = wrapper.framework; name = CoreLocation.framework; path = System/Library/Frameworks/CoreLocation.framework; sourceTree = SDKROOT; };
		00C59DE41888EF0800697980 /* QuartzCore.framework */ = {isa = PBXFileReference; lastKnownFileType = wrapper.framework; name = QuartzCore.framework; path = System/Library/Frameworks/QuartzCore.framework; sourceTree = SDKROOT; };
		00C59DE91888EF2C00697980 /* BizCategory.h */ = {isa = PBXFileReference; fileEncoding = 4; lastKnownFileType = sourcecode.c.h; path = BizCategory.h; sourceTree = "<group>"; };
		00C59DEB1888EF2C00697980 /* TMap.h */ = {isa = PBXFileReference; fileEncoding = 4; lastKnownFileType = sourcecode.c.h; path = TMap.h; sourceTree = "<group>"; };
		00C59DEC1888EF2C00697980 /* TMapAnnotation.h */ = {isa = PBXFileReference; fileEncoding = 4; lastKnownFileType = sourcecode.c.h; path = TMapAnnotation.h; sourceTree = "<group>"; };
		00C59DED1888EF2C00697980 /* TMapBaseView.h */ = {isa = PBXFileReference; fileEncoding = 4; lastKnownFileType = sourcecode.c.h; path = TMapBaseView.h; sourceTree = "<group>"; };
		00C59DEE1888EF2C00697980 /* TMapCircle.h */ = {isa = PBXFileReference; fileEncoding = 4; lastKnownFileType = sourcecode.c.h; path = TMapCircle.h; sourceTree = "<group>"; };
		00C59DEF1888EF2C00697980 /* TMapGpsManager.h */ = {isa = PBXFileReference; fileEncoding = 4; lastKnownFileType = sourcecode.c.h; path = TMapGpsManager.h; sourceTree = "<group>"; };
		00C59DF01888EF2C00697980 /* TMapKatec.h */ = {isa = PBXFileReference; fileEncoding = 4; lastKnownFileType = sourcecode.c.h; path = TMapKatec.h; sourceTree = "<group>"; };
		00C59DF11888EF2C00697980 /* TMapLayer.h */ = {isa = PBXFileReference; fileEncoding = 4; lastKnownFileType = sourcecode.c.h; path = TMapLayer.h; sourceTree = "<group>"; };
		00C59DF21888EF2C00697980 /* TMapMarker.h */ = {isa = PBXFileReference; fileEncoding = 4; lastKnownFileType = sourcecode.c.h; path = TMapMarker.h; sourceTree = "<group>"; };
		00C59DF31888EF2C00697980 /* TMapMarkerItem.h */ = {isa = PBXFileReference; fileEncoding = 4; lastKnownFileType = sourcecode.c.h; path = TMapMarkerItem.h; sourceTree = "<group>"; };
		00C59DF41888EF2C00697980 /* TMapMarkerItem2.h */ = {isa = PBXFileReference; fileEncoding = 4; lastKnownFileType = sourcecode.c.h; path = TMapMarkerItem2.h; sourceTree = "<group>"; };
		00C59DF51888EF2C00697980 /* TMapObject.h */ = {isa = PBXFileReference; fileEncoding = 4; lastKnownFileType = sourcecode.c.h; path = TMapObject.h; sourceTree = "<group>"; };
		00C59DF61888EF2C00697980 /* TMapPathData.h */ = {isa = PBXFileReference; fileEncoding = 4; lastKnownFileType = sourcecode.c.h; path = TMapPathData.h; sourceTree = "<group>"; };
		00C59DF71888EF2C00697980 /* TMapPOIItem.h */ = {isa = PBXFileReference; fileEncoding = 4; lastKnownFileType = sourcecode.c.h; path = TMapPOIItem.h; sourceTree = "<group>"; };
		00C59DF81888EF2C00697980 /* TMapPoint.h */ = {isa = PBXFileReference; fileEncoding = 4; lastKnownFileType = sourcecode.c.h; path = TMapPoint.h; sourceTree = "<group>"; };
		00C59DF91888EF2C00697980 /* TMapPolygon.h */ = {isa = PBXFileReference; fileEncoding = 4; lastKnownFileType = sourcecode.c.h; path = TMapPolygon.h; sourceTree = "<group>"; };
		00C59DFA1888EF2C00697980 /* TMapPolyLine.h */ = {isa = PBXFileReference; fileEncoding = 4; lastKnownFileType = sourcecode.c.h; path = TMapPolyLine.h; sourceTree = "<group>"; };
		00C59DFB1888EF2C00697980 /* TMapTapi.h */ = {isa = PBXFileReference; fileEncoding = 4; lastKnownFileType = sourcecode.c.h; path = TMapTapi.h; sourceTree = "<group>"; };
		00C59DFC1888EF2C00697980 /* TMapType.h */ = {isa = PBXFileReference; fileEncoding = 4; lastKnownFileType = sourcecode.c.h; path = TMapType.h; sourceTree = "<group>"; };
		00C59DFD1888EF2C00697980 /* TMapView.h */ = {isa = PBXFileReference; fileEncoding = 4; lastKnownFileType = sourcecode.c.h; path = TMapView.h; sourceTree = "<group>"; };
		00C59E001888EF2C00697980 /* HeadingAngleSmall.png */ = {isa = PBXFileReference; lastKnownFileType = image.png; path = HeadingAngleSmall.png; sourceTree = "<group>"; };
		00C59E011888EF2C00697980 /* HeadingAngleSmall@2x.png */ = {isa = PBXFileReference; lastKnownFileType = image.png; path = "HeadingAngleSmall@2x.png"; sourceTree = "<group>"; };
		00C59E021888EF2C00697980 /* icon_clustering.png */ = {isa = PBXFileReference; lastKnownFileType = image.png; path = icon_clustering.png; sourceTree = "<group>"; };
		00C59E031888EF2C00697980 /* icon_clustering@2x.png */ = {isa = PBXFileReference; lastKnownFileType = image.png; path = "icon_clustering@2x.png"; sourceTree = "<group>"; };
		00C59E041888EF2C00697980 /* mapbg_tlogo.png */ = {isa = PBXFileReference; lastKnownFileType = image.png; path = mapbg_tlogo.png; sourceTree = "<group>"; };
		00C59E051888EF2C00697980 /* mapbg_tlogo@2x.png */ = {isa = PBXFileReference; lastKnownFileType = image.png; path = "mapbg_tlogo@2x.png"; sourceTree = "<group>"; };
		00C59E061888EF2C00697980 /* poweredby.png */ = {isa = PBXFileReference; lastKnownFileType = image.png; path = poweredby.png; sourceTree = "<group>"; };
		00C59E071888EF2C00697980 /* poweredby@2x.png */ = {isa = PBXFileReference; lastKnownFileType = image.png; path = "poweredby@2x.png"; sourceTree = "<group>"; };
		00C59E081888EF2C00697980 /* TrackingDot.png */ = {isa = PBXFileReference; lastKnownFileType = image.png; path = TrackingDot.png; sourceTree = "<group>"; };
		00C59E091888EF2C00697980 /* TrackingDot@2x.png */ = {isa = PBXFileReference; lastKnownFileType = image.png; path = "TrackingDot@2x.png"; sourceTree = "<group>"; };
		00C59E0A1888EF2C00697980 /* TrackingDotHalo.png */ = {isa = PBXFileReference; lastKnownFileType = image.png; path = TrackingDotHalo.png; sourceTree = "<group>"; };
		00C59E0B1888EF2C00697980 /* TrackingDotHalo@2x.png */ = {isa = PBXFileReference; lastKnownFileType = image.png; path = "TrackingDotHalo@2x.png"; sourceTree = "<group>"; };
		00C59E0C1888EF2C00697980 /* libskpMap_OP-iOS7.0.a */ = {isa = PBXFileReference; lastKnownFileType = archive.ar; path = "libskpMap_OP-iOS7.0.a"; sourceTree = "<group>"; };
/* End PBXFileReference section */

/* Begin PBXFrameworksBuildPhase section */
		00C59DA71888EEF900697980 /* Frameworks */ = {
			isa = PBXFrameworksBuildPhase;
			buildActionMask = 2147483647;
			files = (
				00C59DE51888EF0800697980 /* QuartzCore.framework in Frameworks */,
				00C59DE31888EF0300697980 /* CoreLocation.framework in Frameworks */,
				00C59DB01888EEF900697980 /* CoreGraphics.framework in Frameworks */,
				00C59DB21888EEF900697980 /* UIKit.framework in Frameworks */,
				00C59E1C1888EF2C00697980 /* libskpMap_OP-iOS7.0.a in Frameworks */,
				00C59DAE1888EEF900697980 /* Foundation.framework in Frameworks */,
			);
			runOnlyForDeploymentPostprocessing = 0;
		};
		00C59DC81888EEF900697980 /* Frameworks */ = {
			isa = PBXFrameworksBuildPhase;
			buildActionMask = 2147483647;
			files = (
				00C59DCD1888EEF900697980 /* XCTest.framework in Frameworks */,
				00C59DCF1888EEF900697980 /* UIKit.framework in Frameworks */,
				00C59DCE1888EEF900697980 /* Foundation.framework in Frameworks */,
			);
			runOnlyForDeploymentPostprocessing = 0;
		};
/* End PBXFrameworksBuildPhase section */

/* Begin PBXGroup section */
		00C59DA11888EEF900697980 = {
			isa = PBXGroup;
			children = (
				00C59DE61888EF2C00697980 /* lib */,
				00C59DB31888EEF900697980 /* SearchMoveRouteApp */,
				00C59DD21888EEF900697980 /* SearchMoveRouteAppTests */,
				00C59DAC1888EEF900697980 /* Frameworks */,
				00C59DAB1888EEF900697980 /* Products */,
			);
			sourceTree = "<group>";
		};
		00C59DAB1888EEF900697980 /* Products */ = {
			isa = PBXGroup;
			children = (
				00C59DAA1888EEF900697980 /* SearchMoveRouteApp.app */,
				00C59DCB1888EEF900697980 /* SearchMoveRouteAppTests.xctest */,
			);
			name = Products;
			sourceTree = "<group>";
		};
		00C59DAC1888EEF900697980 /* Frameworks */ = {
			isa = PBXGroup;
			children = (
				00C59DE41888EF0800697980 /* QuartzCore.framework */,
				00C59DE21888EF0300697980 /* CoreLocation.framework */,
				00C59DAD1888EEF900697980 /* Foundation.framework */,
				00C59DAF1888EEF900697980 /* CoreGraphics.framework */,
				00C59DB11888EEF900697980 /* UIKit.framework */,
				00C59DCC1888EEF900697980 /* XCTest.framework */,
			);
			name = Frameworks;
			sourceTree = "<group>";
		};
		00C59DB31888EEF900697980 /* SearchMoveRouteApp */ = {
			isa = PBXGroup;
			children = (
				00C59DBC1888EEF900697980 /* AppDelegate.h */,
				00C59DBD1888EEF900697980 /* AppDelegate.m */,
				00C59DBF1888EEF900697980 /* Main.storyboard */,
				00C59DC21888EEF900697980 /* ViewController.h */,
				00C59DC31888EEF900697980 /* ViewController.m */,
				00C59DC51888EEF900697980 /* Images.xcassets */,
				00C59DB41888EEF900697980 /* Supporting Files */,
			);
			path = SearchMoveRouteApp;
			sourceTree = "<group>";
		};
		00C59DB41888EEF900697980 /* Supporting Files */ = {
			isa = PBXGroup;
			children = (
				00C59DB51888EEF900697980 /* SearchMoveRouteApp-Info.plist */,
				00C59DB61888EEF900697980 /* InfoPlist.strings */,
				00C59DB91888EEF900697980 /* main.m */,
				00C59DBB1888EEF900697980 /* SearchMoveRouteApp-Prefix.pch */,
			);
			name = "Supporting Files";
			sourceTree = "<group>";
		};
		00C59DD21888EEF900697980 /* SearchMoveRouteAppTests */ = {
			isa = PBXGroup;
			children = (
				00C59DD81888EEF900697980 /* SearchMoveRouteAppTests.m */,
				00C59DD31888EEF900697980 /* Supporting Files */,
			);
			path = SearchMoveRouteAppTests;
			sourceTree = "<group>";
		};
		00C59DD31888EEF900697980 /* Supporting Files */ = {
			isa = PBXGroup;
			children = (
				00C59DD41888EEF900697980 /* SearchMoveRouteAppTests-Info.plist */,
				00C59DD51888EEF900697980 /* InfoPlist.strings */,
			);
			name = "Supporting Files";
			sourceTree = "<group>";
		};
		00C59DE61888EF2C00697980 /* lib */ = {
			isa = PBXGroup;
			children = (
				00C59DE81888EF2C00697980 /* Headers */,
				00C59DFE1888EF2C00697980 /* Images */,
				00C59E0C1888EF2C00697980 /* libskpMap_OP-iOS7.0.a */,
			);
			path = lib;
			sourceTree = "<group>";
		};
		00C59DE81888EF2C00697980 /* Headers */ = {
			isa = PBXGroup;
			children = (
				00C59DE91888EF2C00697980 /* BizCategory.h */,
				00C59DEB1888EF2C00697980 /* TMap.h */,
				00C59DEC1888EF2C00697980 /* TMapAnnotation.h */,
				00C59DED1888EF2C00697980 /* TMapBaseView.h */,
				00C59DEE1888EF2C00697980 /* TMapCircle.h */,
				00C59DEF1888EF2C00697980 /* TMapGpsManager.h */,
				00C59DF01888EF2C00697980 /* TMapKatec.h */,
				00C59DF11888EF2C00697980 /* TMapLayer.h */,
				00C59DF21888EF2C00697980 /* TMapMarker.h */,
				00C59DF31888EF2C00697980 /* TMapMarkerItem.h */,
				00C59DF41888EF2C00697980 /* TMapMarkerItem2.h */,
				00C59DF51888EF2C00697980 /* TMapObject.h */,
				00C59DF61888EF2C00697980 /* TMapPathData.h */,
				00C59DF71888EF2C00697980 /* TMapPOIItem.h */,
				00C59DF81888EF2C00697980 /* TMapPoint.h */,
				00C59DF91888EF2C00697980 /* TMapPolygon.h */,
				00C59DFA1888EF2C00697980 /* TMapPolyLine.h */,
				00C59DFB1888EF2C00697980 /* TMapTapi.h */,
				00C59DFC1888EF2C00697980 /* TMapType.h */,
				00C59DFD1888EF2C00697980 /* TMapView.h */,
			);
			path = Headers;
			sourceTree = "<group>";
		};
		00C59DFE1888EF2C00697980 /* Images */ = {
			isa = PBXGroup;
			children = (
				00C59E001888EF2C00697980 /* HeadingAngleSmall.png */,
				00C59E011888EF2C00697980 /* HeadingAngleSmall@2x.png */,
				00C59E021888EF2C00697980 /* icon_clustering.png */,
				00C59E031888EF2C00697980 /* icon_clustering@2x.png */,
				00C59E041888EF2C00697980 /* mapbg_tlogo.png */,
				00C59E051888EF2C00697980 /* mapbg_tlogo@2x.png */,
				00C59E061888EF2C00697980 /* poweredby.png */,
				00C59E071888EF2C00697980 /* poweredby@2x.png */,
				00C59E081888EF2C00697980 /* TrackingDot.png */,
				00C59E091888EF2C00697980 /* TrackingDot@2x.png */,
				00C59E0A1888EF2C00697980 /* TrackingDotHalo.png */,
				00C59E0B1888EF2C00697980 /* TrackingDotHalo@2x.png */,
			);
			path = Images;
			sourceTree = "<group>";
		};
/* End PBXGroup section */

/* Begin PBXNativeTarget section */
		00C59DA91888EEF900697980 /* SearchMoveRouteApp */ = {
			isa = PBXNativeTarget;
			buildConfigurationList = 00C59DDC1888EEF900697980 /* Build configuration list for PBXNativeTarget "SearchMoveRouteApp" */;
			buildPhases = (
				00C59DA61888EEF900697980 /* Sources */,
				00C59DA71888EEF900697980 /* Frameworks */,
				00C59DA81888EEF900697980 /* Resources */,
			);
			buildRules = (
			);
			dependencies = (
			);
			name = SearchMoveRouteApp;
			productName = SearchMoveRouteApp;
			productReference = 00C59DAA1888EEF900697980 /* SearchMoveRouteApp.app */;
			productType = "com.apple.product-type.application";
		};
		00C59DCA1888EEF900697980 /* SearchMoveRouteAppTests */ = {
			isa = PBXNativeTarget;
			buildConfigurationList = 00C59DDF1888EEF900697980 /* Build configuration list for PBXNativeTarget "SearchMoveRouteAppTests" */;
			buildPhases = (
				00C59DC71888EEF900697980 /* Sources */,
				00C59DC81888EEF900697980 /* Frameworks */,
				00C59DC91888EEF900697980 /* Resources */,
			);
			buildRules = (
			);
			dependencies = (
				00C59DD11888EEF900697980 /* PBXTargetDependency */,
			);
			name = SearchMoveRouteAppTests;
			productName = SearchMoveRouteAppTests;
			productReference = 00C59DCB1888EEF900697980 /* SearchMoveRouteAppTests.xctest */;
			productType = "com.apple.product-type.bundle.unit-test";
		};
/* End PBXNativeTarget section */

/* Begin PBXProject section */
		00C59DA21888EEF900697980 /* Project object */ = {
			isa = PBXProject;
			attributes = {
				LastUpgradeCheck = 0500;
				ORGANIZATIONNAME = "SDT-1";
				TargetAttributes = {
					00C59DCA1888EEF900697980 = {
						TestTargetID = 00C59DA91888EEF900697980;
					};
				};
			};
			buildConfigurationList = 00C59DA51888EEF900697980 /* Build configuration list for PBXProject "SearchMoveRouteApp" */;
			compatibilityVersion = "Xcode 3.2";
			developmentRegion = English;
			hasScannedForEncodings = 0;
			knownRegions = (
				en,
				Base,
			);
			mainGroup = 00C59DA11888EEF900697980;
			productRefGroup = 00C59DAB1888EEF900697980 /* Products */;
			projectDirPath = "";
			projectRoot = "";
			targets = (
				00C59DA91888EEF900697980 /* SearchMoveRouteApp */,
				00C59DCA1888EEF900697980 /* SearchMoveRouteAppTests */,
			);
		};
/* End PBXProject section */

/* Begin PBXResourcesBuildPhase section */
		00C59DA81888EEF900697980 /* Resources */ = {
			isa = PBXResourcesBuildPhase;
			buildActionMask = 2147483647;
			files = (
				00C59E121888EF2C00697980 /* icon_clustering.png in Resources */,
				00C59E1B1888EF2C00697980 /* TrackingDotHalo@2x.png in Resources */,
				00C59E1A1888EF2C00697980 /* TrackingDotHalo.png in Resources */,
				00C59E101888EF2C00697980 /* HeadingAngleSmall.png in Resources */,
				00C59DC61888EEF900697980 /* Images.xcassets in Resources */,
				00C59E131888EF2C00697980 /* icon_clustering@2x.png in Resources */,
				00C59E151888EF2C00697980 /* mapbg_tlogo@2x.png in Resources */,
				00C59DB81888EEF900697980 /* InfoPlist.strings in Resources */,
				00C59E141888EF2C00697980 /* mapbg_tlogo.png in Resources */,
				00C59E191888EF2C00697980 /* TrackingDot@2x.png in Resources */,
				00C59E181888EF2C00697980 /* TrackingDot.png in Resources */,
				00C59E111888EF2C00697980 /* HeadingAngleSmall@2x.png in Resources */,
				00C59E171888EF2C00697980 /* poweredby@2x.png in Resources */,
				00C59E161888EF2C00697980 /* poweredby.png in Resources */,
				00C59DC11888EEF900697980 /* Main.storyboard in Resources */,
			);
			runOnlyForDeploymentPostprocessing = 0;
		};
		00C59DC91888EEF900697980 /* Resources */ = {
			isa = PBXResourcesBuildPhase;
			buildActionMask = 2147483647;
			files = (
				00C59DD71888EEF900697980 /* InfoPlist.strings in Resources */,
			);
			runOnlyForDeploymentPostprocessing = 0;
		};
/* End PBXResourcesBuildPhase section */

/* Begin PBXSourcesBuildPhase section */
		00C59DA61888EEF900697980 /* Sources */ = {
			isa = PBXSourcesBuildPhase;
			buildActionMask = 2147483647;
			files = (
				00C59DC41888EEF900697980 /* ViewController.m in Sources */,
				00C59DBE1888EEF900697980 /* AppDelegate.m in Sources */,
				00C59DBA1888EEF900697980 /* main.m in Sources */,
			);
			runOnlyForDeploymentPostprocessing = 0;
		};
		00C59DC71888EEF900697980 /* Sources */ = {
			isa = PBXSourcesBuildPhase;
			buildActionMask = 2147483647;
			files = (
				00C59DD91888EEF900697980 /* SearchMoveRouteAppTests.m in Sources */,
			);
			runOnlyForDeploymentPostprocessing = 0;
		};
/* End PBXSourcesBuildPhase section */

/* Begin PBXTargetDependency section */
		00C59DD11888EEF900697980 /* PBXTargetDependency */ = {
			isa = PBXTargetDependency;
			target = 00C59DA91888EEF900697980 /* SearchMoveRouteApp */;
			targetProxy = 00C59DD01888EEF900697980 /* PBXContainerItemProxy */;
		};
/* End PBXTargetDependency section */

/* Begin PBXVariantGroup section */
		00C59DB61888EEF900697980 /* InfoPlist.strings */ = {
			isa = PBXVariantGroup;
			children = (
				00C59DB71888EEF900697980 /* en */,
			);
			name = InfoPlist.strings;
			sourceTree = "<group>";
		};
		00C59DBF1888EEF900697980 /* Main.storyboard */ = {
			isa = PBXVariantGroup;
			children = (
				00C59DC01888EEF900697980 /* Base */,
			);
			name = Main.storyboard;
			sourceTree = "<group>";
		};
		00C59DD51888EEF900697980 /* InfoPlist.strings */ = {
			isa = PBXVariantGroup;
			children = (
				00C59DD61888EEF900697980 /* en */,
			);
			name = InfoPlist.strings;
			sourceTree = "<group>";
		};
/* End PBXVariantGroup section */

/* Begin XCBuildConfiguration section */
		00C59DDA1888EEF900697980 /* Debug */ = {
			isa = XCBuildConfiguration;
			buildSettings = {
				ALWAYS_SEARCH_USER_PATHS = NO;
				ARCHS = "$(ARCHS_STANDARD_INCLUDING_64_BIT)";
				CLANG_CXX_LANGUAGE_STANDARD = "gnu++0x";
				CLANG_CXX_LIBRARY = "libc++";
				CLANG_ENABLE_MODULES = YES;
				CLANG_ENABLE_OBJC_ARC = YES;
				CLANG_WARN_BOOL_CONVERSION = YES;
				CLANG_WARN_CONSTANT_CONVERSION = YES;
				CLANG_WARN_DIRECT_OBJC_ISA_USAGE = YES_ERROR;
				CLANG_WARN_EMPTY_BODY = YES;
				CLANG_WARN_ENUM_CONVERSION = YES;
				CLANG_WARN_INT_CONVERSION = YES;
				CLANG_WARN_OBJC_ROOT_CLASS = YES_ERROR;
				CLANG_WARN__DUPLICATE_METHOD_MATCH = YES;
				"CODE_SIGN_IDENTITY[sdk=iphoneos*]" = "iPhone Developer";
				COPY_PHASE_STRIP = NO;
				GCC_C_LANGUAGE_STANDARD = gnu99;
				GCC_DYNAMIC_NO_PIC = NO;
				GCC_OPTIMIZATION_LEVEL = 0;
				GCC_PREPROCESSOR_DEFINITIONS = (
					"DEBUG=1",
					"$(inherited)",
				);
				GCC_SYMBOLS_PRIVATE_EXTERN = NO;
				GCC_WARN_64_TO_32_BIT_CONVERSION = YES;
				GCC_WARN_ABOUT_RETURN_TYPE = YES_ERROR;
				GCC_WARN_UNDECLARED_SELECTOR = YES;
				GCC_WARN_UNINITIALIZED_AUTOS = YES;
				GCC_WARN_UNUSED_FUNCTION = YES;
				GCC_WARN_UNUSED_VARIABLE = YES;
				IPHONEOS_DEPLOYMENT_TARGET = 7.0;
				ONLY_ACTIVE_ARCH = YES;
				SDKROOT = iphoneos;
			};
			name = Debug;
		};
		00C59DDB1888EEF900697980 /* Release */ = {
			isa = XCBuildConfiguration;
			buildSettings = {
				ALWAYS_SEARCH_USER_PATHS = NO;
				ARCHS = "$(ARCHS_STANDARD_INCLUDING_64_BIT)";
				CLANG_CXX_LANGUAGE_STANDARD = "gnu++0x";
				CLANG_CXX_LIBRARY = "libc++";
				CLANG_ENABLE_MODULES = YES;
				CLANG_ENABLE_OBJC_ARC = YES;
				CLANG_WARN_BOOL_CONVERSION = YES;
				CLANG_WARN_CONSTANT_CONVERSION = YES;
				CLANG_WARN_DIRECT_OBJC_ISA_USAGE = YES_ERROR;
				CLANG_WARN_EMPTY_BODY = YES;
				CLANG_WARN_ENUM_CONVERSION = YES;
				CLANG_WARN_INT_CONVERSION = YES;
				CLANG_WARN_OBJC_ROOT_CLASS = YES_ERROR;
				CLANG_WARN__DUPLICATE_METHOD_MATCH = YES;
				"CODE_SIGN_IDENTITY[sdk=iphoneos*]" = "iPhone Developer";
				COPY_PHASE_STRIP = YES;
				ENABLE_NS_ASSERTIONS = NO;
				GCC_C_LANGUAGE_STANDARD = gnu99;
				GCC_WARN_64_TO_32_BIT_CONVERSION = YES;
				GCC_WARN_ABOUT_RETURN_TYPE = YES_ERROR;
				GCC_WARN_UNDECLARED_SELECTOR = YES;
				GCC_WARN_UNINITIALIZED_AUTOS = YES;
				GCC_WARN_UNUSED_FUNCTION = YES;
				GCC_WARN_UNUSED_VARIABLE = YES;
				IPHONEOS_DEPLOYMENT_TARGET = 7.0;
				SDKROOT = iphoneos;
				VALIDATE_PRODUCT = YES;
			};
			name = Release;
		};
		00C59DDD1888EEF900697980 /* Debug */ = {
			isa = XCBuildConfiguration;
			buildSettings = {
				ASSETCATALOG_COMPILER_APPICON_NAME = AppIcon;
				ASSETCATALOG_COMPILER_LAUNCHIMAGE_NAME = LaunchImage;
				GCC_PRECOMPILE_PREFIX_HEADER = YES;
				GCC_PREFIX_HEADER = "SearchMoveRouteApp/SearchMoveRouteApp-Prefix.pch";
				HEADER_SEARCH_PATHS = (
					"$(inherited)",
					/Applications/Xcode.app/Contents/Developer/Toolchains/XcodeDefault.xctoolchain/usr/include,
					"\"$(SRCROOT)/../../../Downloads/[iOS]TmapSDK_배포압축용_1/lib/Headers\"",
				);
				INFOPLIST_FILE = "SearchMoveRouteApp/SearchMoveRouteApp-Info.plist";
				LIBRARY_SEARCH_PATHS = (
					"$(inherited)",
					"/Users/SDT-1/Documents/Projects/SearchMoveRouteApp/lib",
				);
				PRODUCT_NAME = "$(TARGET_NAME)";
				WRAPPER_EXTENSION = app;
			};
			name = Debug;
		};
		00C59DDE1888EEF900697980 /* Release */ = {
			isa = XCBuildConfiguration;
			buildSettings = {
				ASSETCATALOG_COMPILER_APPICON_NAME = AppIcon;
				ASSETCATALOG_COMPILER_LAUNCHIMAGE_NAME = LaunchImage;
				GCC_PRECOMPILE_PREFIX_HEADER = YES;
				GCC_PREFIX_HEADER = "SearchMoveRouteApp/SearchMoveRouteApp-Prefix.pch";
				HEADER_SEARCH_PATHS = (
					"$(inherited)",
					/Applications/Xcode.app/Contents/Developer/Toolchains/XcodeDefault.xctoolchain/usr/include,
					"\"$(SRCROOT)/../../../Downloads/[iOS]TmapSDK_배포압축용_1/lib/Headers\"",
				);
				INFOPLIST_FILE = "SearchMoveRouteApp/SearchMoveRouteApp-Info.plist";
				LIBRARY_SEARCH_PATHS = (
					"$(inherited)",
					"/Users/SDT-1/Documents/Projects/SearchMoveRouteApp/lib",
				);
				PRODUCT_NAME = "$(TARGET_NAME)";
				WRAPPER_EXTENSION = app;
			};
			name = Release;
		};
		00C59DE01888EEF900697980 /* Debug */ = {
			isa = XCBuildConfiguration;
			buildSettings = {
				ARCHS = "$(ARCHS_STANDARD_INCLUDING_64_BIT)";
				BUNDLE_LOADER = "$(BUILT_PRODUCTS_DIR)/SearchMoveRouteApp.app/SearchMoveRouteApp";
				FRAMEWORK_SEARCH_PATHS = (
					"$(SDKROOT)/Developer/Library/Frameworks",
					"$(inherited)",
					"$(DEVELOPER_FRAMEWORKS_DIR)",
				);
				GCC_PRECOMPILE_PREFIX_HEADER = YES;
				GCC_PREFIX_HEADER = "SearchMoveRouteApp/SearchMoveRouteApp-Prefix.pch";
				GCC_PREPROCESSOR_DEFINITIONS = (
					"DEBUG=1",
					"$(inherited)",
				);
				INFOPLIST_FILE = "SearchMoveRouteAppTests/SearchMoveRouteAppTests-Info.plist";
				PRODUCT_NAME = "$(TARGET_NAME)";
				TEST_HOST = "$(BUNDLE_LOADER)";
				WRAPPER_EXTENSION = xctest;
			};
			name = Debug;
		};
		00C59DE11888EEF900697980 /* Release */ = {
			isa = XCBuildConfiguration;
			buildSettings = {
				ARCHS = "$(ARCHS_STANDARD_INCLUDING_64_BIT)";
				BUNDLE_LOADER = "$(BUILT_PRODUCTS_DIR)/SearchMoveRouteApp.app/SearchMoveRouteApp";
				FRAMEWORK_SEARCH_PATHS = (
					"$(SDKROOT)/Developer/Library/Frameworks",
					"$(inherited)",
					"$(DEVELOPER_FRAMEWORKS_DIR)",
				);
				GCC_PRECOMPILE_PREFIX_HEADER = YES;
				GCC_PREFIX_HEADER = "SearchMoveRouteApp/SearchMoveRouteApp-Prefix.pch";
				INFOPLIST_FILE = "SearchMoveRouteAppTests/SearchMoveRouteAppTests-Info.plist";
				PRODUCT_NAME = "$(TARGET_NAME)";
				TEST_HOST = "$(BUNDLE_LOADER)";
				WRAPPER_EXTENSION = xctest;
			};
			name = Release;
		};
/* End XCBuildConfiguration section */

/* Begin XCConfigurationList section */
		00C59DA51888EEF900697980 /* Build configuration list for PBXProject "SearchMoveRouteApp" */ = {
			isa = XCConfigurationList;
			buildConfigurations = (
				00C59DDA1888EEF900697980 /* Debug */,
				00C59DDB1888EEF900697980 /* Release */,
			);
			defaultConfigurationIsVisible = 0;
			defaultConfigurationName = Release;
		};
		00C59DDC1888EEF900697980 /* Build configuration list for PBXNativeTarget "SearchMoveRouteApp" */ = {
			isa = XCConfigurationList;
			buildConfigurations = (
				00C59DDD1888EEF900697980 /* Debug */,
				00C59DDE1888EEF900697980 /* Release */,
			);
			defaultConfigurationIsVisible = 0;
		};
		00C59DDF1888EEF900697980 /* Build configuration list for PBXNativeTarget "SearchMoveRouteAppTests" */ = {
			isa = XCConfigurationList;
			buildConfigurations = (
				00C59DE01888EEF900697980 /* Debug */,
				00C59DE11888EEF900697980 /* Release */,
			);
			defaultConfigurationIsVisible = 0;
		};
/* End XCConfigurationList section */
	};
	rootObject = 00C59DA21888EEF900697980 /* Project object */;
}
